# THIS IS AN AUTOGENERATED FILE. DO NOT EDIT THIS FILE DIRECTLY.
# yarn lockfile v1


"@biomejs/biome@1.4.0":
  version "1.4.0"
  resolved "https://registry.yarnpkg.com/@biomejs/biome/-/biome-1.4.0.tgz#b512e1e7a4f3ec0bc0aceaa99fab8eded2bd95c9"
  integrity sha512-/rDlao6ra38nhxo4IYCqWCzfTJcpMk4YHjSVBI9yN/ifdhnzSwirL25xDVH7G9hZdNhpF9g78FaPJhFa9DX0Cw==
  optionalDependencies:
    "@biomejs/cli-darwin-arm64" "1.4.0"
    "@biomejs/cli-darwin-x64" "1.4.0"
    "@biomejs/cli-linux-arm64" "1.4.0"
    "@biomejs/cli-linux-x64" "1.4.0"
    "@biomejs/cli-win32-arm64" "1.4.0"
    "@biomejs/cli-win32-x64" "1.4.0"

"@biomejs/cli-darwin-arm64@1.4.0":
  version "1.4.0"
  resolved "https://registry.yarnpkg.com/@biomejs/cli-darwin-arm64/-/cli-darwin-arm64-1.4.0.tgz#08e9e19ae72fd980be65307844a71cd7ba96f4f2"
  integrity sha512-nBrtVRwr4IlTtxLOHwBwLv1sWvggf9/DnT5/ALIANJZOpoING6u8jHWipods69wK8kGa8Ld7iwHm3W5BrJJFFQ==

"@biomejs/cli-darwin-x64@1.4.0":
  version "1.4.0"
  resolved "https://registry.yarnpkg.com/@biomejs/cli-darwin-x64/-/cli-darwin-x64-1.4.0.tgz#ae04f06a4446fa718dfeba863af6250a0b4185e6"
  integrity sha512-nny0VgOj3ksUGzU5GblgtQEvrAZFgFe1IJBoYOP978OQdDrg7BpS+GX5udfof87Dl4ZlHPRBU951ceHOxF7BTg==

"@biomejs/cli-linux-arm64@1.4.0":
  version "1.4.0"
  resolved "https://registry.yarnpkg.com/@biomejs/cli-linux-arm64/-/cli-linux-arm64-1.4.0.tgz#40fbd94cff2c8437d18136d25801ead441ac6739"
  integrity sha512-gyLkT/Yh9xfW1T9yjQs/2txkCeG0e+LRs0adLugMwN0ptcNTRyusBvUoiHnpB+9rS6hWu9ZCedGMNmKQ8v2GSw==

"@biomejs/cli-linux-x64@1.4.0":
  version "1.4.0"
  resolved "https://registry.yarnpkg.com/@biomejs/cli-linux-x64/-/cli-linux-x64-1.4.0.tgz#813d191b020a90aa829a5fc37dfeea393696a0f1"
  integrity sha512-LIxTuU2zSbIHM9XDYjQphJ5UU8h2eS7yR8uIvGYSba7Qt9AKqfbenyVJTsVnoj1CXxxgKNVSc/wVmlOlGz5DBQ==

"@biomejs/cli-win32-arm64@1.4.0":
  version "1.4.0"
  resolved "https://registry.yarnpkg.com/@biomejs/cli-win32-arm64/-/cli-win32-arm64-1.4.0.tgz#a6edb984d48d9a9db5971e13c3047ab19fd592c2"
  integrity sha512-U2jT1/0wZLJIRqnU8qHAfi/A/+yUwlL3sYJgqs+wO0BbR22WGQZlj03u5FdpEoyLXdsLv1pbeIcjNp+V0NYXWA==

"@biomejs/cli-win32-x64@1.4.0":
  version "1.4.0"
  resolved "https://registry.yarnpkg.com/@biomejs/cli-win32-x64/-/cli-win32-x64-1.4.0.tgz#0bb1292c5e279198912b6ec35649124ba8349b72"
  integrity sha512-gN6DgyyBxIwoCovAUFJHFWVallb0cLosayDRtNyxU3MDv/atZxSXOWQezfVKBIbgmFPxYWJObd+awvbPYXwwww==
